// !$*UTF8*$!
{
	archiveVersion = 1;
	classes = {
	};
	objectVersion = 56;
	objects = {

/* Begin PBXBuildFile section */
		B625BAFB2917893900CC5D65 /* DownloadingImagesApp.swift in Sources */ = {isa = PBXBuildFile; fileRef = B625BAFA2917893900CC5D65 /* DownloadingImagesApp.swift */; };
		B625BAFF2917893C00CC5D65 /* Assets.xcassets in Resources */ = {isa = PBXBuildFile; fileRef = B625BAFE2917893C00CC5D65 /* Assets.xcassets */; };
		B625BB022917893C00CC5D65 /* Preview Assets.xcassets in Resources */ = {isa = PBXBuildFile; fileRef = B625BB012917893C00CC5D65 /* Preview Assets.xcassets */; };
		B625BB0D291789B400CC5D65 /* DownloadingImagesExample.swift in Sources */ = {isa = PBXBuildFile; fileRef = B625BB0C291789B400CC5D65 /* DownloadingImagesExample.swift */; };
		B625BB0F29178BD800CC5D65 /* PhotoModel.swift in Sources */ = {isa = PBXBuildFile; fileRef = B625BB0E29178BD800CC5D65 /* PhotoModel.swift */; };
		B625BB1129178C4800CC5D65 /* DownloadingImagesViewModel.swift in Sources */ = {isa = PBXBuildFile; fileRef = B625BB1029178C4800CC5D65 /* DownloadingImagesViewModel.swift */; };
		B625BB1329178D4B00CC5D65 /* PhotoModelDataService.swift in Sources */ = {isa = PBXBuildFile; fileRef = B625BB1229178D4B00CC5D65 /* PhotoModelDataService.swift */; };
		B625BB152917984200CC5D65 /* DownloadingImagesRow.swift in Sources */ = {isa = PBXBuildFile; fileRef = B625BB142917984200CC5D65 /* DownloadingImagesRow.swift */; };
		B625BB17291799FE00CC5D65 /* DownloadingImageView.swift in Sources */ = {isa = PBXBuildFile; fileRef = B625BB16291799FE00CC5D65 /* DownloadingImageView.swift */; };
		B625BB1929179A8B00CC5D65 /* ImageLoadingViewModel.swift in Sources */ = {isa = PBXBuildFile; fileRef = B625BB1829179A8B00CC5D65 /* ImageLoadingViewModel.swift */; };
		B625BB1B2917A77000CC5D65 /* PhotoModelCacheManager.swift in Sources */ = {isa = PBXBuildFile; fileRef = B625BB1A2917A77000CC5D65 /* PhotoModelCacheManager.swift */; };
		B625BB1D2917A8A000CC5D65 /* PhotoModelFileManager.swift in Sources */ = {isa = PBXBuildFile; fileRef = B625BB1C2917A8A000CC5D65 /* PhotoModelFileManager.swift */; };
/* End PBXBuildFile section */

/* Begin PBXFileReference section */
		B625BAF72917893900CC5D65 /* DownloadingImages.app */ = {isa = PBXFileReference; explicitFileType = wrapper.application; includeInIndex = 0; path = DownloadingImages.app; sourceTree = BUILT_PRODUCTS_DIR; };
		B625BAFA2917893900CC5D65 /* DownloadingImagesApp.swift */ = {isa = PBXFileReference; lastKnownFileType = sourcecode.swift; path = DownloadingImagesApp.swift; sourceTree = "<group>"; };
		B625BAFE2917893C00CC5D65 /* Assets.xcassets */ = {isa = PBXFileReference; lastKnownFileType = folder.assetcatalog; path = Assets.xcassets; sourceTree = "<group>"; };
		B625BB012917893C00CC5D65 /* Preview Assets.xcassets */ = {isa = PBXFileReference; lastKnownFileType = folder.assetcatalog; path = "Preview Assets.xcassets"; sourceTree = "<group>"; };
		B625BB0C291789B400CC5D65 /* DownloadingImagesExample.swift */ = {isa = PBXFileReference; lastKnownFileType = sourcecode.swift; path = DownloadingImagesExample.swift; sourceTree = "<group>"; };
		B625BB0E29178BD800CC5D65 /* PhotoModel.swift */ = {isa = PBXFileReference; lastKnownFileType = sourcecode.swift; path = PhotoModel.swift; sourceTree = "<group>"; };
		B625BB1029178C4800CC5D65 /* DownloadingImagesViewModel.swift */ = {isa = PBXFileReference; lastKnownFileType = sourcecode.swift; path = DownloadingImagesViewModel.swift; sourceTree = "<group>"; };
		B625BB1229178D4B00CC5D65 /* PhotoModelDataService.swift */ = {isa = PBXFileReference; lastKnownFileType = sourcecode.swift; path = PhotoModelDataService.swift; sourceTree = "<group>"; };
		B625BB142917984200CC5D65 /* DownloadingImagesRow.swift */ = {isa = PBXFileReference; lastKnownFileType = sourcecode.swift; path = DownloadingImagesRow.swift; sourceTree = "<group>"; };
		B625BB16291799FE00CC5D65 /* DownloadingImageView.swift */ = {isa = PBXFileReference; lastKnownFileType = sourcecode.swift; path = DownloadingImageView.swift; sourceTree = "<group>"; };
		B625BB1829179A8B00CC5D65 /* ImageLoadingViewModel.swift */ = {isa = PBXFileReference; lastKnownFileType = sourcecode.swift; path = ImageLoadingViewModel.swift; sourceTree = "<group>"; };
		B625BB1A2917A77000CC5D65 /* PhotoModelCacheManager.swift */ = {isa = PBXFileReference; lastKnownFileType = sourcecode.swift; path = PhotoModelCacheManager.swift; sourceTree = "<group>"; };
		B625BB1C2917A8A000CC5D65 /* PhotoModelFileManager.swift */ = {isa = PBXFileReference; lastKnownFileType = sourcecode.swift; path = PhotoModelFileManager.swift; sourceTree = "<group>"; };
/* End PBXFileReference section */

/* Begin PBXFrameworksBuildPhase section */
		B625BAF42917893900CC5D65 /* Frameworks */ = {
			isa = PBXFrameworksBuildPhase;
			buildActionMask = 2147483647;
			files = (
			);
			runOnlyForDeploymentPostprocessing = 0;
		};
/* End PBXFrameworksBuildPhase section */

/* Begin PBXGroup section */
		B625BAEE2917893900CC5D65 = {
			isa = PBXGroup;
			children = (
				B625BAF92917893900CC5D65 /* DownloadingImages */,
				B625BAF82917893900CC5D65 /* Products */,
			);
			sourceTree = "<group>";
		};
		B625BAF82917893900CC5D65 /* Products */ = {
			isa = PBXGroup;
			children = (
				B625BAF72917893900CC5D65 /* DownloadingImages.app */,
			);
			name = Products;
			sourceTree = "<group>";
		};
		B625BAF92917893900CC5D65 /* DownloadingImages */ = {
			isa = PBXGroup;
			children = (
				B625BAFA2917893900CC5D65 /* DownloadingImagesApp.swift */,
				B625BB0B2917898600CC5D65 /* Utilities */,
				B625BB082917895800CC5D65 /* Models */,
				B625BB0A2917897000CC5D65 /* Views */,
				B625BB092917896400CC5D65 /* ViewModels */,
				B625BAFE2917893C00CC5D65 /* Assets.xcassets */,
				B625BB002917893C00CC5D65 /* Preview Content */,
			);
			path = DownloadingImages;
			sourceTree = "<group>";
		};
		B625BB002917893C00CC5D65 /* Preview Content */ = {
			isa = PBXGroup;
			children = (
				B625BB012917893C00CC5D65 /* Preview Assets.xcassets */,
			);
			path = "Preview Content";
			sourceTree = "<group>";
		};
		B625BB082917895800CC5D65 /* Models */ = {
			isa = PBXGroup;
			children = (
				B625BB0E29178BD800CC5D65 /* PhotoModel.swift */,
			);
			path = Models;
			sourceTree = "<group>";
		};
		B625BB092917896400CC5D65 /* ViewModels */ = {
			isa = PBXGroup;
			children = (
				B625BB1829179A8B00CC5D65 /* ImageLoadingViewModel.swift */,
				B625BB1029178C4800CC5D65 /* DownloadingImagesViewModel.swift */,
			);
			path = ViewModels;
			sourceTree = "<group>";
		};
		B625BB0A2917897000CC5D65 /* Views */ = {
			isa = PBXGroup;
			children = (
				B625BB0C291789B400CC5D65 /* DownloadingImagesExample.swift */,
				B625BB142917984200CC5D65 /* DownloadingImagesRow.swift */,
				B625BB16291799FE00CC5D65 /* DownloadingImageView.swift */,
			);
			path = Views;
			sourceTree = "<group>";
		};
		B625BB0B2917898600CC5D65 /* Utilities */ = {
			isa = PBXGroup;
			children = (
				B625BB1229178D4B00CC5D65 /* PhotoModelDataService.swift */,
				B625BB1A2917A77000CC5D65 /* PhotoModelCacheManager.swift */,
				B625BB1C2917A8A000CC5D65 /* PhotoModelFileManager.swift */,
			);
			path = Utilities;
			sourceTree = "<group>";
		};
/* End PBXGroup section */

/* Begin PBXNativeTarget section */
		B625BAF62917893900CC5D65 /* DownloadingImages */ = {
			isa = PBXNativeTarget;
			buildConfigurationList = B625BB052917893C00CC5D65 /* Build configuration list for PBXNativeTarget "DownloadingImages" */;
			buildPhases = (
				B625BAF32917893900CC5D65 /* Sources */,
				B625BAF42917893900CC5D65 /* Frameworks */,
				B625BAF52917893900CC5D65 /* Resources */,
			);
			buildRules = (
			);
			dependencies = (
			);
			name = DownloadingImages;
			productName = DownloadingImages;
			productReference = B625BAF72917893900CC5D65 /* DownloadingImages.app */;
			productType = "com.apple.product-type.application";
		};
/* End PBXNativeTarget section */

/* Begin PBXProject section */
		B625BAEF2917893900CC5D65 /* Project object */ = {
			isa = PBXProject;
			attributes = {
				BuildIndependentTargetsInParallel = 1;
				LastSwiftUpdateCheck = 1400;
				LastUpgradeCheck = 1400;
				TargetAttributes = {
					B625BAF62917893900CC5D65 = {
						CreatedOnToolsVersion = 14.0.1;
					};
				};
			};
			buildConfigurationList = B625BAF22917893900CC5D65 /* Build configuration list for PBXProject "DownloadingImages" */;
			compatibilityVersion = "Xcode 14.0";
			developmentRegion = en;
			hasScannedForEncodings = 0;
			knownRegions = (
				en,
				Base,
			);
			mainGroup = B625BAEE2917893900CC5D65;
			productRefGroup = B625BAF82917893900CC5D65 /* Products */;
			projectDirPath = "";
			projectRoot = "";
			targets = (
				B625BAF62917893900CC5D65 /* DownloadingImages */,
			);
		};
/* End PBXProject section */

/* Begin PBXResourcesBuildPhase section */
		B625BAF52917893900CC5D65 /* Resources */ = {
			isa = PBXResourcesBuildPhase;
			buildActionMask = 2147483647;
			files = (
				B625BB022917893C00CC5D65 /* Preview Assets.xcassets in Resources */,
				B625BAFF2917893C00CC5D65 /* Assets.xcassets in Resources */,
			);
			runOnlyForDeploymentPostprocessing = 0;
		};
/* End PBXResourcesBuildPhase section */

/* Begin PBXSourcesBuildPhase section */
		B625BAF32917893900CC5D65 /* Sources */ = {
			isa = PBXSourcesBuildPhase;
			buildActionMask = 2147483647;
			files = (
				B625BB0F29178BD800CC5D65 /* PhotoModel.swift in Sources */,
				B625BB17291799FE00CC5D65 /* DownloadingImageView.swift in Sources */,
				B625BB1329178D4B00CC5D65 /* PhotoModelDataService.swift in Sources */,
				B625BB1929179A8B00CC5D65 /* ImageLoadingViewModel.swift in Sources */,
				B625BB0D291789B400CC5D65 /* DownloadingImagesExample.swift in Sources */,
				B625BB1129178C4800CC5D65 /* DownloadingImagesViewModel.swift in Sources */,
				B625BB1D2917A8A000CC5D65 /* PhotoModelFileManager.swift in Sources */,
				B625BAFB2917893900CC5D65 /* DownloadingImagesApp.swift in Sources */,
				B625BB1B2917A77000CC5D65 /* PhotoModelCacheManager.swift in Sources */,
				B625BB152917984200CC5D65 /* DownloadingImagesRow.swift in Sources */,
			);
			runOnlyForDeploymentPostprocessing = 0;
		};
/* End PBXSourcesBuildPhase section */

/* Begin XCBuildConfiguration section */
		B625BB032917893C00CC5D65 /* Debug */ = {
			isa = XCBuildConfiguration;
			buildSettings = {
				ALWAYS_SEARCH_USER_PATHS = NO;
				CLANG_ANALYZER_NONNULL = YES;
				CLANG_ANALYZER_NUMBER_OBJECT_CONVERSION = YES_AGGRESSIVE;
				CLANG_CXX_LANGUAGE_STANDARD = "gnu++20";
				CLANG_ENABLE_MODULES = YES;
				CLANG_ENABLE_OBJC_ARC = YES;
				CLANG_ENABLE_OBJC_WEAK = YES;
				CLANG_WARN_BLOCK_CAPTURE_AUTORELEASING = YES;
				CLANG_WARN_BOOL_CONVERSION = YES;
				CLANG_WARN_COMMA = YES;
				CLANG_WARN_CONSTANT_CONVERSION = YES;
				CLANG_WARN_DEPRECATED_OBJC_IMPLEMENTATIONS = YES;
				CLANG_WARN_DIRECT_OBJC_ISA_USAGE = YES_ERROR;
				CLANG_WARN_DOCUMENTATION_COMMENTS = YES;
				CLANG_WARN_EMPTY_BODY = YES;
				CLANG_WARN_ENUM_CONVERSION = YES;
				CLANG_WARN_INFINITE_RECURSION = YES;
				CLANG_WARN_INT_CONVERSION = YES;
				CLANG_WARN_NON_LITERAL_NULL_CONVERSION = YES;
				CLANG_WARN_OBJC_IMPLICIT_RETAIN_SELF = YES;
				CLANG_WARN_OBJC_LITERAL_CONVERSION = YES;
				CLANG_WARN_OBJC_ROOT_CLASS = YES_ERROR;
				CLANG_WARN_QUOTED_INCLUDE_IN_FRAMEWORK_HEADER = YES;
				CLANG_WARN_RANGE_LOOP_ANALYSIS = YES;
				CLANG_WARN_STRICT_PROTOTYPES = YES;
				CLANG_WARN_SUSPICIOUS_MOVE = YES;
				CLANG_WARN_UNGUARDED_AVAILABILITY = YES_AGGRESSIVE;
				CLANG_WARN_UNREACHABLE_CODE = YES;
				CLANG_WARN__DUPLICATE_METHOD_MATCH = YES;
				COPY_PHASE_STRIP = NO;
				DEBUG_INFORMATION_FORMAT = dwarf;
				ENABLE_STRICT_OBJC_MSGSEND = YES;
				ENABLE_TESTABILITY = YES;
				GCC_C_LANGUAGE_STANDARD = gnu11;
				GCC_DYNAMIC_NO_PIC = NO;
				GCC_NO_COMMON_BLOCKS = YES;
				GCC_OPTIMIZATION_LEVEL = 0;
				GCC_PREPROCESSOR_DEFINITIONS = (
					"DEBUG=1",
					"$(inherited)",
				);
				GCC_WARN_64_TO_32_BIT_CONVERSION = YES;
				GCC_WARN_ABOUT_RETURN_TYPE = YES_ERROR;
				GCC_WARN_UNDECLARED_SELECTOR = YES;
				GCC_WARN_UNINITIALIZED_AUTOS = YES_AGGRESSIVE;
				GCC_WARN_UNUSED_FUNCTION = YES;
				GCC_WARN_UNUSED_VARIABLE = YES;
				IPHONEOS_DEPLOYMENT_TARGET = 16.0;
				MTL_ENABLE_DEBUG_INFO = INCLUDE_SOURCE;
				MTL_FAST_MATH = YES;
				ONLY_ACTIVE_ARCH = YES;
				SDKROOT = iphoneos;
				SWIFT_ACTIVE_COMPILATION_CONDITIONS = DEBUG;
				SWIFT_OPTIMIZATION_LEVEL = "-Onone";
			};
			name = Debug;
		};
		B625BB042917893C00CC5D65 /* Release */ = {
			isa = XCBuildConfiguration;
			buildSettings = {
				ALWAYS_SEARCH_USER_PATHS = NO;
				CLANG_ANALYZER_NONNULL = YES;
				CLANG_ANALYZER_NUMBER_OBJECT_CONVERSION = YES_AGGRESSIVE;
				CLANG_CXX_LANGUAGE_STANDARD = "gnu++20";
				CLANG_ENABLE_MODULES = YES;
				CLANG_ENABLE_OBJC_ARC = YES;
				CLANG_ENABLE_OBJC_WEAK = YES;
				CLANG_WARN_BLOCK_CAPTURE_AUTORELEASING = YES;
				CLANG_WARN_BOOL_CONVERSION = YES;
				CLANG_WARN_COMMA = YES;
				CLANG_WARN_CONSTANT_CONVERSION = YES;
				CLANG_WARN_DEPRECATED_OBJC_IMPLEMENTATIONS = YES;
				CLANG_WARN_DIRECT_OBJC_ISA_USAGE = YES_ERROR;
				CLANG_WARN_DOCUMENTATION_COMMENTS = YES;
				CLANG_WARN_EMPTY_BODY = YES;
				CLANG_WARN_ENUM_CONVERSION = YES;
				CLANG_WARN_INFINITE_RECURSION = YES;
				CLANG_WARN_INT_CONVERSION = YES;
				CLANG_WARN_NON_LITERAL_NULL_CONVERSION = YES;
				CLANG_WARN_OBJC_IMPLICIT_RETAIN_SELF = YES;
				CLANG_WARN_OBJC_LITERAL_CONVERSION = YES;
				CLANG_WARN_OBJC_ROOT_CLASS = YES_ERROR;
				CLANG_WARN_QUOTED_INCLUDE_IN_FRAMEWORK_HEADER = YES;
				CLANG_WARN_RANGE_LOOP_ANALYSIS = YES;
				CLANG_WARN_STRICT_PROTOTYPES = YES;
				CLANG_WARN_SUSPICIOUS_MOVE = YES;
				CLANG_WARN_UNGUARDED_AVAILABILITY = YES_AGGRESSIVE;
				CLANG_WARN_UNREACHABLE_CODE = YES;
				CLANG_WARN__DUPLICATE_METHOD_MATCH = YES;
				COPY_PHASE_STRIP = NO;
				DEBUG_INFORMATION_FORMAT = "dwarf-with-dsym";
				ENABLE_NS_ASSERTIONS = NO;
				ENABLE_STRICT_OBJC_MSGSEND = YES;
				GCC_C_LANGUAGE_STANDARD = gnu11;
				GCC_NO_COMMON_BLOCKS = YES;
				GCC_WARN_64_TO_32_BIT_CONVERSION = YES;
				GCC_WARN_ABOUT_RETURN_TYPE = YES_ERROR;
				GCC_WARN_UNDECLARED_SELECTOR = YES;
				GCC_WARN_UNINITIALIZED_AUTOS = YES_AGGRESSIVE;
				GCC_WARN_UNUSED_FUNCTION = YES;
				GCC_WARN_UNUSED_VARIABLE = YES;
				IPHONEOS_DEPLOYMENT_TARGET = 16.0;
				MTL_ENABLE_DEBUG_INFO = NO;
				MTL_FAST_MATH = YES;
				SDKROOT = iphoneos;
				SWIFT_COMPILATION_MODE = wholemodule;
				SWIFT_OPTIMIZATION_LEVEL = "-O";
				VALIDATE_PRODUCT = YES;
			};
			name = Release;
		};
		B625BB062917893C00CC5D65 /* Debug */ = {
			isa = XCBuildConfiguration;
			buildSettings = {
				ASSETCATALOG_COMPILER_APPICON_NAME = AppIcon;
				ASSETCATALOG_COMPILER_GLOBAL_ACCENT_COLOR_NAME = AccentColor;
				CODE_SIGN_STYLE = Automatic;
				CURRENT_PROJECT_VERSION = 1;
				DEVELOPMENT_ASSET_PATHS = "\"DownloadingImages/Preview Content\"";
				DEVELOPMENT_TEAM = 3D5H55Z4KP;
				ENABLE_PREVIEWS = YES;
				GENERATE_INFOPLIST_FILE = YES;
				INFOPLIST_KEY_UIApplicationSceneManifest_Generation = YES;
				INFOPLIST_KEY_UIApplicationSupportsIndirectInputEvents = YES;
				INFOPLIST_KEY_UILaunchScreen_Generation = YES;
				INFOPLIST_KEY_UISupportedInterfaceOrientations_iPad = "UIInterfaceOrientationPortrait UIInterfaceOrientationPortraitUpsideDown UIInterfaceOrientationLandscapeLeft UIInterfaceOrientationLandscapeRight";
				INFOPLIST_KEY_UISupportedInterfaceOrientations_iPhone = "UIInterfaceOrientationPortrait UIInterfaceOrientationLandscapeLeft UIInterfaceOrientationLandscapeRight";
				LD_RUNPATH_SEARCH_PATHS = (
					"$(inherited)",
					"@executable_path/Frameworks",
				);
				MARKETING_VERSION = 1.0;
				PRODUCT_BUNDLE_IDENTIFIER = com.zachary.DownloadingImages;
				PRODUCT_NAME = "$(TARGET_NAME)";
				SWIFT_EMIT_LOC_STRINGS = YES;
				SWIFT_VERSION = 5.0;
				TARGETED_DEVICE_FAMILY = "1,2";
			};
			name = Debug;
		};
		B625BB072917893C00CC5D65 /* Release */ = {
			isa = XCBuildConfiguration;
			buildSettings = {
				ASSETCATALOG_COMPILER_APPICON_NAME = AppIcon;
				ASSETCATALOG_COMPILER_GLOBAL_ACCENT_COLOR_NAME = AccentColor;
				CODE_SIGN_STYLE = Automatic;
				CURRENT_PROJECT_VERSION = 1;
				DEVELOPMENT_ASSET_PATHS = "\"DownloadingImages/Preview Content\"";
				DEVELOPMENT_TEAM = 3D5H55Z4KP;
				ENABLE_PREVIEWS = YES;
				GENERATE_INFOPLIST_FILE = YES;
				INFOPLIST_KEY_UIApplicationSceneManifest_Generation = YES;
				INFOPLIST_KEY_UIApplicationSupportsIndirectInputEvents = YES;
				INFOPLIST_KEY_UILaunchScreen_Generation = YES;
				INFOPLIST_KEY_UISupportedInterfaceOrientations_iPad = "UIInterfaceOrientationPortrait UIInterfaceOrientationPortraitUpsideDown UIInterfaceOrientationLandscapeLeft UIInterfaceOrientationLandscapeRight";
				INFOPLIST_KEY_UISupportedInterfaceOrientations_iPhone = "UIInterfaceOrientationPortrait UIInterfaceOrientationLandscapeLeft UIInterfaceOrientationLandscapeRight";
				LD_RUNPATH_SEARCH_PATHS = (
					"$(inherited)",
					"@executable_path/Frameworks",
				);
				MARKETING_VERSION = 1.0;
				PRODUCT_BUNDLE_IDENTIFIER = com.zachary.DownloadingImages;
				PRODUCT_NAME = "$(TARGET_NAME)";
				SWIFT_EMIT_LOC_STRINGS = YES;
				SWIFT_VERSION = 5.0;
				TARGETED_DEVICE_FAMILY = "1,2";
			};
			name = Release;
		};
/* End XCBuildConfiguration section */

/* Begin XCConfigurationList section */
		B625BAF22917893900CC5D65 /* Build configuration list for PBXProject "DownloadingImages" */ = {
			isa = XCConfigurationList;
			buildConfigurations = (
				B625BB032917893C00CC5D65 /* Debug */,
				B625BB042917893C00CC5D65 /* Release */,
			);
			defaultConfigurationIsVisible = 0;
			defaultConfigurationName = Release;
		};
		B625BB052917893C00CC5D65 /* Build configuration list for PBXNativeTarget "DownloadingImages" */ = {
			isa = XCConfigurationList;
			buildConfigurations = (
				B625BB062917893C00CC5D65 /* Debug */,
				B625BB072917893C00CC5D65 /* Release */,
			);
			defaultConfigurationIsVisible = 0;
			defaultConfigurationName = Release;
		};
/* End XCConfigurationList section */
	};
	rootObject = B625BAEF2917893900CC5D65 /* Project object */;
}
